
Microsoft Visual Studio Solution File, Format Version 12.00
# Visual Studio Version 17
VisualStudioVersion = 17.7.34024.191
MinimumVisualStudioVersion = 10.0.40219.1
Project("{FAE04EC0-301F-11D3-BF4B-00C04F79EFBC}") = "BulkyBookWeb", "BulkyBookWeb\BulkyBookWeb.csproj", "{B9529535-D39C-4D28-9B7D-4A404B393868}"
EndProject
Global
	GlobalSection(SolutionConfigurationPlatforms) = preSolution
		Debug|Any CPU = Debug|Any CPU
		Release|Any CPU = Release|Any CPU
	EndGlobalSection
	GlobalSection(ProjectConfigurationPlatforms) = postSolution
		{B9529535-D39C-4D28-9B7D-4A404B393868}.Debug|Any CPU.ActiveCfg = Debug|Any CPU
		{B9529535-D39C-4D28-9B7D-4A404B393868}.Debug|Any CPU.Build.0 = Debug|Any CPU
		{B9529535-D39C-4D28-9B7D-4A404B393868}.Release|Any CPU.ActiveCfg = Release|Any CPU
		{B9529535-D39C-4D28-9B7D-4A404B393868}.Release|Any CPU.Build.0 = Release|Any CPU
	EndGlobalSection
	GlobalSection(SolutionProperties) = preSolution
		HideSolutionNode = FALSE
	EndGlobalSection
	GlobalSection(ExtensibilityGlobals) = postSolution
		SolutionGuid = {8FE44A3B-C221-4F69-A107-855E2045C6D1}
	EndGlobalSection
EndGlobal
